
Microsoft Visual Studio Solution File, Format Version 12.00
# Visual Studio 15
VisualStudioVersion = 15.0.26430.14
MinimumVisualStudioVersion = 10.0.40219.1
Project("{FAE04EC0-301F-11D3-BF4B-00C04F79EFBC}") = "MvcMovie", "MvcMovie\MvcMovie.csproj", "{771748B2-0C2A-4FCD-BBF5-C1257788D342}"
EndProject
Project("{FAE04EC0-301F-11D3-BF4B-00C04F79EFBC}") = "MvcMovie.Tests", "MvcMovie.Tests\MvcMovie.Tests.csproj", "{B0EE8FC9-D2E3-4731-BCD6-81AE3B9E997D}"
EndProject
Global
	GlobalSection(SolutionConfigurationPlatforms) = preSolution
		Debug|Any CPU = Debug|Any CPU
		Release|Any CPU = Release|Any CPU
	EndGlobalSection
	GlobalSection(ProjectConfigurationPlatforms) = postSolution
		{771748B2-0C2A-4FCD-BBF5-C1257788D342}.Debug|Any CPU.ActiveCfg = Debug|Any CPU
		{771748B2-0C2A-4FCD-BBF5-C1257788D342}.Debug|Any CPU.Build.0 = Debug|Any CPU
		{771748B2-0C2A-4FCD-BBF5-C1257788D342}.Release|Any CPU.ActiveCfg = Release|Any CPU
		{771748B2-0C2A-4FCD-BBF5-C1257788D342}.Release|Any CPU.Build.0 = Release|Any CPU
		{B0EE8FC9-D2E3-4731-BCD6-81AE3B9E997D}.Debug|Any CPU.ActiveCfg = Debug|Any CPU
		{B0EE8FC9-D2E3-4731-BCD6-81AE3B9E997D}.Debug|Any CPU.Build.0 = Debug|Any CPU
		{B0EE8FC9-D2E3-4731-BCD6-81AE3B9E997D}.Release|Any CPU.ActiveCfg = Release|Any CPU
		{B0EE8FC9-D2E3-4731-BCD6-81AE3B9E997D}.Release|Any CPU.Build.0 = Release|Any CPU
	EndGlobalSection
	GlobalSection(SolutionProperties) = preSolution
		HideSolutionNode = FALSE
	EndGlobalSection
EndGlobal
